
Microsoft Visual Studio Solution File, Format Version 12.00
# Visual Studio Version 17
VisualStudioVersion = 17.5.33516.290
MinimumVisualStudioVersion = 10.0.40219.1
Project("{9A19103F-16F7-4668-BE54-9A1E7A4F7556}") = "Core", "GameMarketPlace\Core\Core.csproj", "{8CA1ED81-AA90-46DA-AD61-1C7D0F527709}"
EndProject
Project("{9A19103F-16F7-4668-BE54-9A1E7A4F7556}") = "Business", "GameMarketPlace\Business\Business.csproj", "{D385EDC7-BA94-49A3-876A-AFED82B91A63}"
EndProject
Project("{9A19103F-16F7-4668-BE54-9A1E7A4F7556}") = "DataAccess", "GameMarketPlace\DataAccess\DataAccess.csproj", "{BBBB36F8-880F-417F-833E-AC751D9C66B0}"
EndProject
Project("{9A19103F-16F7-4668-BE54-9A1E7A4F7556}") = "Entities", "GameMarketPlace\Entities\Entities.csproj", "{989CD66C-8EF7-4E9F-B6BB-EBF2877E97C2}"
EndProject
Project("{9A19103F-16F7-4668-BE54-9A1E7A4F7556}") = "Configuration", "GameMarketPlace\Configuration\Configuration.csproj", "{7D2CD525-47D3-4E97-8FCD-ED4C794468D1}"
EndProject
Project("{9A19103F-16F7-4668-BE54-9A1E7A4F7556}") = "MeArch.Module.Email", "GameMarketPlace\MeArch.Module.Email\MeArch.Module.Email.csproj", "{71D2FAD1-89D7-499E-85CD-EE967C1EA27B}"
EndProject
Project("{9A19103F-16F7-4668-BE54-9A1E7A4F7556}") = "MeArch.Module.Security", "GameMarketPlace\MeArch.Module.Security\MeArch.Module.Security.csproj", "{C9D48EB2-478E-4D3F-A4EC-D48C5E5404C4}"
EndProject
Project("{9A19103F-16F7-4668-BE54-9A1E7A4F7556}") = "MeArch.Module.Templates", "GameMarketPlace\MeArch.Module.Templates\MeArch.Module.Templates.csproj", "{16FC8C87-35DC-4ABC-A33F-0C0B44E72D65}"
EndProject
Project("{9A19103F-16F7-4668-BE54-9A1E7A4F7556}") = "MeArch.Module.File", "GameMarketPlace\MeArch.Module.File\MeArch.Module.File.csproj", "{3AA770F6-4DC1-490C-8CD3-AE560084A002}"
EndProject
Project("{9A19103F-16F7-4668-BE54-9A1E7A4F7556}") = "MeArch.Module.Strategy", "GameMarketPlace\MeArch.Module.Strategy\MeArch.Module.Strategy.csproj", "{3AF16C83-433F-4F2C-9C2E-A8FBF75D762B}"
EndProject
Project("{2150E333-8FDC-42A3-9474-1A3956D46DE8}") = "Modules", "Modules", "{A61F143A-70BD-4CCE-9995-5621F4F7BE13}"
EndProject
Project("{2150E333-8FDC-42A3-9474-1A3956D46DE8}") = "UI", "UI", "{4BD8A932-8F52-4273-9F2F-DAA4D06547AE}"
EndProject
Project("{2150E333-8FDC-42A3-9474-1A3956D46DE8}") = "WebServices", "WebServices", "{964CD9CD-B605-4594-9534-D1F8E7279A95}"
EndProject
Project("{2150E333-8FDC-42A3-9474-1A3956D46DE8}") = "BackgroundServices", "BackgroundServices", "{B918A163-6EC3-401A-83E1-2E6DAD04AC74}"
EndProject
Project("{2150E333-8FDC-42A3-9474-1A3956D46DE8}") = "Job", "Job", "{B41BD3ED-6CFF-4829-BD06-D8D419D362AC}"
EndProject
Project("{9A19103F-16F7-4668-BE54-9A1E7A4F7556}") = "GameStore.BackgroundJobs", "GameStore.BackgroundJobs\GameStore.BackgroundJobs.csproj", "{110B4A14-802A-4F92-A55F-2ACAED13F236}"
EndProject
Project("{9A19103F-16F7-4668-BE54-9A1E7A4F7556}") = "GameStore.HangFire", "GameStore.HangFire\GameStore.HangFire.csproj", "{B34F5A64-5EFA-45B0-98E1-98C78700B3CA}"
EndProject
Project("{9A19103F-16F7-4668-BE54-9A1E7A4F7556}") = "GameStore.Cms", "GameStore.Cms\GameStore.Cms.csproj", "{3D6FAD39-A141-4129-B37A-F94A4E90EA2C}"
EndProject
Project("{9A19103F-16F7-4668-BE54-9A1E7A4F7556}") = "GameStore.UserInterface", "GameStore.UserInterface\GameStore.UserInterface.csproj", "{6A03A4F8-EA30-4B10-AAD2-23A181ACF4F2}"
EndProject
Project("{9A19103F-16F7-4668-BE54-9A1E7A4F7556}") = "GameStore.API.OData", "GameStore.API.OData\GameStore.API.OData.csproj", "{711E1161-5D5F-45F1-80A3-DEB2FFEEBAD7}"
EndProject
Project("{9A19103F-16F7-4668-BE54-9A1E7A4F7556}") = "GameStore.API.Web", "GameStore.API.Web\GameStore.API.Web.csproj", "{49C41FA3-D9A4-4998-AE0B-25638E1840ED}"
EndProject
Project("{2150E333-8FDC-42A3-9474-1A3956D46DE8}") = "Enterprise", "Enterprise", "{94265220-76F7-4FFB-85D0-9014819ABCEF}"
EndProject
Project("{9A19103F-16F7-4668-BE54-9A1E7A4F7556}") = "GameStore.Enterprise.Consumer", "GameStore.Enterprise.Consumer\GameStore.Enterprise.Consumer.csproj", "{A88B8717-EBD7-4973-87C6-C189159DC485}"
EndProject
Project("{9A19103F-16F7-4668-BE54-9A1E7A4F7556}") = "GameStore.Enterprise.Shared", "GameStore.Enterprise.Shared\GameStore.Enterprise.Shared.csproj", "{19134E24-DA5C-4E47-AE10-5DED7AC1F153}"
EndProject
Project("{9A19103F-16F7-4668-BE54-9A1E7A4F7556}") = "MeArch.Module.Storage", "MeArch.Module.Storage\MeArch.Module.Storage.csproj", "{DCA1E088-0B0F-49E3-B7C4-CB2754429467}"
EndProject
Project("{2150E333-8FDC-42A3-9474-1A3956D46DE8}") = "Shared", "Shared", "{B9FE2583-6398-460C-B737-61DB24AE3D43}"
EndProject
Project("{9A19103F-16F7-4668-BE54-9A1E7A4F7556}") = "GameStore.Shared", "GameStore.Shared\GameStore.Shared.csproj", "{1698FD3C-E007-4337-A640-61D7821BF114}"
EndProject
Project("{FAE04EC0-301F-11D3-BF4B-00C04F79EFBC}") = "Models", "Models\Models.csproj", "{0BAB5610-BE91-41A7-A75D-D9C21671453C}"
EndProject
Global
	GlobalSection(SolutionConfigurationPlatforms) = preSolution
		Debug|Any CPU = Debug|Any CPU
		Release|Any CPU = Release|Any CPU
	EndGlobalSection
	GlobalSection(ProjectConfigurationPlatforms) = postSolution
		{8CA1ED81-AA90-46DA-AD61-1C7D0F527709}.Debug|Any CPU.ActiveCfg = Debug|Any CPU
		{8CA1ED81-AA90-46DA-AD61-1C7D0F527709}.Debug|Any CPU.Build.0 = Debug|Any CPU
		{8CA1ED81-AA90-46DA-AD61-1C7D0F527709}.Release|Any CPU.ActiveCfg = Release|Any CPU
		{8CA1ED81-AA90-46DA-AD61-1C7D0F527709}.Release|Any CPU.Build.0 = Release|Any CPU
		{D385EDC7-BA94-49A3-876A-AFED82B91A63}.Debug|Any CPU.ActiveCfg = Debug|Any CPU
		{D385EDC7-BA94-49A3-876A-AFED82B91A63}.Debug|Any CPU.Build.0 = Debug|Any CPU
		{D385EDC7-BA94-49A3-876A-AFED82B91A63}.Release|Any CPU.ActiveCfg = Release|Any CPU
		{D385EDC7-BA94-49A3-876A-AFED82B91A63}.Release|Any CPU.Build.0 = Release|Any CPU
		{BBBB36F8-880F-417F-833E-AC751D9C66B0}.Debug|Any CPU.ActiveCfg = Debug|Any CPU
		{BBBB36F8-880F-417F-833E-AC751D9C66B0}.Debug|Any CPU.Build.0 = Debug|Any CPU
		{BBBB36F8-880F-417F-833E-AC751D9C66B0}.Release|Any CPU.ActiveCfg = Release|Any CPU
		{BBBB36F8-880F-417F-833E-AC751D9C66B0}.Release|Any CPU.Build.0 = Release|Any CPU
		{989CD66C-8EF7-4E9F-B6BB-EBF2877E97C2}.Debug|Any CPU.ActiveCfg = Debug|Any CPU
		{989CD66C-8EF7-4E9F-B6BB-EBF2877E97C2}.Debug|Any CPU.Build.0 = Debug|Any CPU
		{989CD66C-8EF7-4E9F-B6BB-EBF2877E97C2}.Release|Any CPU.ActiveCfg = Release|Any CPU
		{989CD66C-8EF7-4E9F-B6BB-EBF2877E97C2}.Release|Any CPU.Build.0 = Release|Any CPU
		{7D2CD525-47D3-4E97-8FCD-ED4C794468D1}.Debug|Any CPU.ActiveCfg = Debug|Any CPU
		{7D2CD525-47D3-4E97-8FCD-ED4C794468D1}.Debug|Any CPU.Build.0 = Debug|Any CPU
		{7D2CD525-47D3-4E97-8FCD-ED4C794468D1}.Release|Any CPU.ActiveCfg = Release|Any CPU
		{7D2CD525-47D3-4E97-8FCD-ED4C794468D1}.Release|Any CPU.Build.0 = Release|Any CPU
		{71D2FAD1-89D7-499E-85CD-EE967C1EA27B}.Debug|Any CPU.ActiveCfg = Debug|Any CPU
		{71D2FAD1-89D7-499E-85CD-EE967C1EA27B}.Debug|Any CPU.Build.0 = Debug|Any CPU
		{71D2FAD1-89D7-499E-85CD-EE967C1EA27B}.Release|Any CPU.ActiveCfg = Release|Any CPU
		{71D2FAD1-89D7-499E-85CD-EE967C1EA27B}.Release|Any CPU.Build.0 = Release|Any CPU
		{C9D48EB2-478E-4D3F-A4EC-D48C5E5404C4}.Debug|Any CPU.ActiveCfg = Debug|Any CPU
		{C9D48EB2-478E-4D3F-A4EC-D48C5E5404C4}.Debug|Any CPU.Build.0 = Debug|Any CPU
		{C9D48EB2-478E-4D3F-A4EC-D48C5E5404C4}.Release|Any CPU.ActiveCfg = Release|Any CPU
		{C9D48EB2-478E-4D3F-A4EC-D48C5E5404C4}.Release|Any CPU.Build.0 = Release|Any CPU
		{16FC8C87-35DC-4ABC-A33F-0C0B44E72D65}.Debug|Any CPU.ActiveCfg = Debug|Any CPU
		{16FC8C87-35DC-4ABC-A33F-0C0B44E72D65}.Debug|Any CPU.Build.0 = Debug|Any CPU
		{16FC8C87-35DC-4ABC-A33F-0C0B44E72D65}.Release|Any CPU.ActiveCfg = Release|Any CPU
		{16FC8C87-35DC-4ABC-A33F-0C0B44E72D65}.Release|Any CPU.Build.0 = Release|Any CPU
		{3AA770F6-4DC1-490C-8CD3-AE560084A002}.Debug|Any CPU.ActiveCfg = Debug|Any CPU
		{3AA770F6-4DC1-490C-8CD3-AE560084A002}.Debug|Any CPU.Build.0 = Debug|Any CPU
		{3AA770F6-4DC1-490C-8CD3-AE560084A002}.Release|Any CPU.ActiveCfg = Release|Any CPU
		{3AA770F6-4DC1-490C-8CD3-AE560084A002}.Release|Any CPU.Build.0 = Release|Any CPU
		{3AF16C83-433F-4F2C-9C2E-A8FBF75D762B}.Debug|Any CPU.ActiveCfg = Debug|Any CPU
		{3AF16C83-433F-4F2C-9C2E-A8FBF75D762B}.Debug|Any CPU.Build.0 = Debug|Any CPU
		{3AF16C83-433F-4F2C-9C2E-A8FBF75D762B}.Release|Any CPU.ActiveCfg = Release|Any CPU
		{3AF16C83-433F-4F2C-9C2E-A8FBF75D762B}.Release|Any CPU.Build.0 = Release|Any CPU
		{110B4A14-802A-4F92-A55F-2ACAED13F236}.Debug|Any CPU.ActiveCfg = Debug|Any CPU
		{110B4A14-802A-4F92-A55F-2ACAED13F236}.Debug|Any CPU.Build.0 = Debug|Any CPU
		{110B4A14-802A-4F92-A55F-2ACAED13F236}.Release|Any CPU.ActiveCfg = Release|Any CPU
		{110B4A14-802A-4F92-A55F-2ACAED13F236}.Release|Any CPU.Build.0 = Release|Any CPU
		{B34F5A64-5EFA-45B0-98E1-98C78700B3CA}.Debug|Any CPU.ActiveCfg = Debug|Any CPU
		{B34F5A64-5EFA-45B0-98E1-98C78700B3CA}.Debug|Any CPU.Build.0 = Debug|Any CPU
		{B34F5A64-5EFA-45B0-98E1-98C78700B3CA}.Release|Any CPU.ActiveCfg = Release|Any CPU
		{B34F5A64-5EFA-45B0-98E1-98C78700B3CA}.Release|Any CPU.Build.0 = Release|Any CPU
		{3D6FAD39-A141-4129-B37A-F94A4E90EA2C}.Debug|Any CPU.ActiveCfg = Debug|Any CPU
		{3D6FAD39-A141-4129-B37A-F94A4E90EA2C}.Debug|Any CPU.Build.0 = Debug|Any CPU
		{3D6FAD39-A141-4129-B37A-F94A4E90EA2C}.Release|Any CPU.ActiveCfg = Release|Any CPU
		{3D6FAD39-A141-4129-B37A-F94A4E90EA2C}.Release|Any CPU.Build.0 = Release|Any CPU
		{6A03A4F8-EA30-4B10-AAD2-23A181ACF4F2}.Debug|Any CPU.ActiveCfg = Debug|Any CPU
		{6A03A4F8-EA30-4B10-AAD2-23A181ACF4F2}.Debug|Any CPU.Build.0 = Debug|Any CPU
		{6A03A4F8-EA30-4B10-AAD2-23A181ACF4F2}.Release|Any CPU.ActiveCfg = Release|Any CPU
		{6A03A4F8-EA30-4B10-AAD2-23A181ACF4F2}.Release|Any CPU.Build.0 = Release|Any CPU
		{711E1161-5D5F-45F1-80A3-DEB2FFEEBAD7}.Debug|Any CPU.ActiveCfg = Debug|Any CPU
		{711E1161-5D5F-45F1-80A3-DEB2FFEEBAD7}.Debug|Any CPU.Build.0 = Debug|Any CPU
		{711E1161-5D5F-45F1-80A3-DEB2FFEEBAD7}.Release|Any CPU.ActiveCfg = Release|Any CPU
		{711E1161-5D5F-45F1-80A3-DEB2FFEEBAD7}.Release|Any CPU.Build.0 = Release|Any CPU
		{49C41FA3-D9A4-4998-AE0B-25638E1840ED}.Debug|Any CPU.ActiveCfg = Debug|Any CPU
		{49C41FA3-D9A4-4998-AE0B-25638E1840ED}.Debug|Any CPU.Build.0 = Debug|Any CPU
		{49C41FA3-D9A4-4998-AE0B-25638E1840ED}.Release|Any CPU.ActiveCfg = Release|Any CPU
		{49C41FA3-D9A4-4998-AE0B-25638E1840ED}.Release|Any CPU.Build.0 = Release|Any CPU
		{A88B8717-EBD7-4973-87C6-C189159DC485}.Debug|Any CPU.ActiveCfg = Debug|Any CPU
		{A88B8717-EBD7-4973-87C6-C189159DC485}.Debug|Any CPU.Build.0 = Debug|Any CPU
		{A88B8717-EBD7-4973-87C6-C189159DC485}.Release|Any CPU.ActiveCfg = Release|Any CPU
		{A88B8717-EBD7-4973-87C6-C189159DC485}.Release|Any CPU.Build.0 = Release|Any CPU
		{19134E24-DA5C-4E47-AE10-5DED7AC1F153}.Debug|Any CPU.ActiveCfg = Debug|Any CPU
		{19134E24-DA5C-4E47-AE10-5DED7AC1F153}.Debug|Any CPU.Build.0 = Debug|Any CPU
		{19134E24-DA5C-4E47-AE10-5DED7AC1F153}.Release|Any CPU.ActiveCfg = Release|Any CPU
		{19134E24-DA5C-4E47-AE10-5DED7AC1F153}.Release|Any CPU.Build.0 = Release|Any CPU
		{DCA1E088-0B0F-49E3-B7C4-CB2754429467}.Debug|Any CPU.ActiveCfg = Debug|Any CPU
		{DCA1E088-0B0F-49E3-B7C4-CB2754429467}.Debug|Any CPU.Build.0 = Debug|Any CPU
		{DCA1E088-0B0F-49E3-B7C4-CB2754429467}.Release|Any CPU.ActiveCfg = Release|Any CPU
		{DCA1E088-0B0F-49E3-B7C4-CB2754429467}.Release|Any CPU.Build.0 = Release|Any CPU
		{1698FD3C-E007-4337-A640-61D7821BF114}.Debug|Any CPU.ActiveCfg = Debug|Any CPU
		{1698FD3C-E007-4337-A640-61D7821BF114}.Debug|Any CPU.Build.0 = Debug|Any CPU
		{1698FD3C-E007-4337-A640-61D7821BF114}.Release|Any CPU.ActiveCfg = Release|Any CPU
		{1698FD3C-E007-4337-A640-61D7821BF114}.Release|Any CPU.Build.0 = Release|Any CPU
		{0BAB5610-BE91-41A7-A75D-D9C21671453C}.Debug|Any CPU.ActiveCfg = Debug|Any CPU
		{0BAB5610-BE91-41A7-A75D-D9C21671453C}.Debug|Any CPU.Build.0 = Debug|Any CPU
		{0BAB5610-BE91-41A7-A75D-D9C21671453C}.Release|Any CPU.ActiveCfg = Release|Any CPU
		{0BAB5610-BE91-41A7-A75D-D9C21671453C}.Release|Any CPU.Build.0 = Release|Any CPU
	EndGlobalSection
	GlobalSection(SolutionProperties) = preSolution
		HideSolutionNode = FALSE
	EndGlobalSection
	GlobalSection(NestedProjects) = preSolution
		{71D2FAD1-89D7-499E-85CD-EE967C1EA27B} = {A61F143A-70BD-4CCE-9995-5621F4F7BE13}
		{C9D48EB2-478E-4D3F-A4EC-D48C5E5404C4} = {A61F143A-70BD-4CCE-9995-5621F4F7BE13}
		{16FC8C87-35DC-4ABC-A33F-0C0B44E72D65} = {A61F143A-70BD-4CCE-9995-5621F4F7BE13}
		{3AA770F6-4DC1-490C-8CD3-AE560084A002} = {A61F143A-70BD-4CCE-9995-5621F4F7BE13}
		{3AF16C83-433F-4F2C-9C2E-A8FBF75D762B} = {A61F143A-70BD-4CCE-9995-5621F4F7BE13}
		{B41BD3ED-6CFF-4829-BD06-D8D419D362AC} = {B918A163-6EC3-401A-83E1-2E6DAD04AC74}
		{110B4A14-802A-4F92-A55F-2ACAED13F236} = {B41BD3ED-6CFF-4829-BD06-D8D419D362AC}
		{B34F5A64-5EFA-45B0-98E1-98C78700B3CA} = {B41BD3ED-6CFF-4829-BD06-D8D419D362AC}
		{3D6FAD39-A141-4129-B37A-F94A4E90EA2C} = {4BD8A932-8F52-4273-9F2F-DAA4D06547AE}
		{6A03A4F8-EA30-4B10-AAD2-23A181ACF4F2} = {4BD8A932-8F52-4273-9F2F-DAA4D06547AE}
		{711E1161-5D5F-45F1-80A3-DEB2FFEEBAD7} = {964CD9CD-B605-4594-9534-D1F8E7279A95}
		{49C41FA3-D9A4-4998-AE0B-25638E1840ED} = {964CD9CD-B605-4594-9534-D1F8E7279A95}
		{94265220-76F7-4FFB-85D0-9014819ABCEF} = {B918A163-6EC3-401A-83E1-2E6DAD04AC74}
		{A88B8717-EBD7-4973-87C6-C189159DC485} = {94265220-76F7-4FFB-85D0-9014819ABCEF}
		{19134E24-DA5C-4E47-AE10-5DED7AC1F153} = {94265220-76F7-4FFB-85D0-9014819ABCEF}
		{DCA1E088-0B0F-49E3-B7C4-CB2754429467} = {A61F143A-70BD-4CCE-9995-5621F4F7BE13}
		{1698FD3C-E007-4337-A640-61D7821BF114} = {B9FE2583-6398-460C-B737-61DB24AE3D43}
	EndGlobalSection
	GlobalSection(ExtensibilityGlobals) = postSolution
		SolutionGuid = {1C7D685B-61A7-466B-B2FF-D843C0AEA10F}
	EndGlobalSection
EndGlobal
